
Microsoft Visual Studio Solution File, Format Version 12.00
# Visual Studio 15
VisualStudioVersion = 15.0.27703.2035
MinimumVisualStudioVersion = 10.0.40219.1
Project("{9A19103F-16F7-4668-BE54-9A1E7A4F7556}") = "SidewaysT", "SidewaysT\SidewaysT.csproj", "{D9DC8A46-7AA7-4833-8F9A-392C8DA91791}"
	ProjectSection(ProjectDependencies) = postProject
		{F90380EC-45E1-4484-8447-6C5800FF439F} = {F90380EC-45E1-4484-8447-6C5800FF439F}
	EndProjectSection
EndProject
Project("{E53339B2-1760-4266-BCC7-CA923CBCF16C}") = "docker-compose", "docker-compose.dcproj", "{F90380EC-45E1-4484-8447-6C5800FF439F}"
EndProject
Global
	GlobalSection(SolutionConfigurationPlatforms) = preSolution
		Debug|Any CPU = Debug|Any CPU
		Release|Any CPU = Release|Any CPU
	EndGlobalSection
	GlobalSection(ProjectConfigurationPlatforms) = postSolution
		{D9DC8A46-7AA7-4833-8F9A-392C8DA91791}.Debug|Any CPU.ActiveCfg = Debug|Any CPU
		{D9DC8A46-7AA7-4833-8F9A-392C8DA91791}.Debug|Any CPU.Build.0 = Debug|Any CPU
		{D9DC8A46-7AA7-4833-8F9A-392C8DA91791}.Release|Any CPU.ActiveCfg = Release|Any CPU
		{D9DC8A46-7AA7-4833-8F9A-392C8DA91791}.Release|Any CPU.Build.0 = Release|Any CPU
		{F90380EC-45E1-4484-8447-6C5800FF439F}.Debug|Any CPU.ActiveCfg = Debug|Any CPU
		{F90380EC-45E1-4484-8447-6C5800FF439F}.Debug|Any CPU.Build.0 = Debug|Any CPU
		{F90380EC-45E1-4484-8447-6C5800FF439F}.Release|Any CPU.ActiveCfg = Release|Any CPU
		{F90380EC-45E1-4484-8447-6C5800FF439F}.Release|Any CPU.Build.0 = Release|Any CPU
	EndGlobalSection
	GlobalSection(SolutionProperties) = preSolution
		HideSolutionNode = FALSE
	EndGlobalSection
	GlobalSection(ExtensibilityGlobals) = postSolution
		SolutionGuid = {8E38BC2F-2117-4C00-8E20-5D2971F593B8}
	EndGlobalSection
EndGlobal
